
Microsoft Visual Studio Solution File, Format Version 12.00
# Visual Studio Version 17
VisualStudioVersion = 17.8.34316.72
MinimumVisualStudioVersion = 10.0.40219.1
Project("{FAE04EC0-301F-11D3-BF4B-00C04F79EFBC}") = "ChuckNoris.Api", "ChuckNoris.Api\ChuckNoris.Api.csproj", "{F5AC4F99-ADF1-41FC-931B-F62DB614CD26}"
EndProject
Global
	GlobalSection(SolutionConfigurationPlatforms) = preSolution
		Debug|Any CPU = Debug|Any CPU
		Release|Any CPU = Release|Any CPU
	EndGlobalSection
	GlobalSection(ProjectConfigurationPlatforms) = postSolution
		{F5AC4F99-ADF1-41FC-931B-F62DB614CD26}.Debug|Any CPU.ActiveCfg = Debug|Any CPU
		{F5AC4F99-ADF1-41FC-931B-F62DB614CD26}.Debug|Any CPU.Build.0 = Debug|Any CPU
		{F5AC4F99-ADF1-41FC-931B-F62DB614CD26}.Release|Any CPU.ActiveCfg = Release|Any CPU
		{F5AC4F99-ADF1-41FC-931B-F62DB614CD26}.Release|Any CPU.Build.0 = Release|Any CPU
	EndGlobalSection
	GlobalSection(SolutionProperties) = preSolution
		HideSolutionNode = FALSE
	EndGlobalSection
	GlobalSection(ExtensibilityGlobals) = postSolution
		SolutionGuid = {FC2D8F16-0A3F-497F-B19C-1BD191C0FA8A}
	EndGlobalSection
EndGlobal
